// !$*UTF8*$!
{
	archiveVersion = 1;
	classes = {
	};
	objectVersion = 50;
	objects = {

/* Begin PBXBuildFile section */
		DD7DCA7C2440CF9100AD4D15 /* AppDelegate.swift in Sources */ = {isa = PBXBuildFile; fileRef = DD7DCA7B2440CF9100AD4D15 /* AppDelegate.swift */; };
		DD7DCA7E2440CF9100AD4D15 /* SceneDelegate.swift in Sources */ = {isa = PBXBuildFile; fileRef = DD7DCA7D2440CF9100AD4D15 /* SceneDelegate.swift */; };
		DD7DCA802440CF9100AD4D15 /* ContentView.swift in Sources */ = {isa = PBXBuildFile; fileRef = DD7DCA7F2440CF9100AD4D15 /* ContentView.swift */; };
		DD7DCA822440CF9400AD4D15 /* Assets.xcassets in Resources */ = {isa = PBXBuildFile; fileRef = DD7DCA812440CF9400AD4D15 /* Assets.xcassets */; };
		DD7DCA852440CF9400AD4D15 /* Preview Assets.xcassets in Resources */ = {isa = PBXBuildFile; fileRef = DD7DCA842440CF9400AD4D15 /* Preview Assets.xcassets */; };
		DD7DCA882440CF9400AD4D15 /* LaunchScreen.storyboard in Resources */ = {isa = PBXBuildFile; fileRef = DD7DCA862440CF9400AD4D15 /* LaunchScreen.storyboard */; };
		DD7DCA932440CF9400AD4D15 /* VensTests.swift in Sources */ = {isa = PBXBuildFile; fileRef = DD7DCA922440CF9400AD4D15 /* VensTests.swift */; };
		DD7DCA9E2440CF9400AD4D15 /* VensUITests.swift in Sources */ = {isa = PBXBuildFile; fileRef = DD7DCA9D2440CF9400AD4D15 /* VensUITests.swift */; };
		DDE479752440D2B7006B1208 /* Shop.swift in Sources */ = {isa = PBXBuildFile; fileRef = DDE479742440D2B7006B1208 /* Shop.swift */; };
		DDE479782440D3B5006B1208 /* Shops_BCN.json in Resources */ = {isa = PBXBuildFile; fileRef = DDE479772440D3B5006B1208 /* Shops_BCN.json */; };
		DDE4797B2440D3EE006B1208 /* ShopRow.swift in Sources */ = {isa = PBXBuildFile; fileRef = DDE4797A2440D3EE006B1208 /* ShopRow.swift */; };
		DDE4797D2440D4DE006B1208 /* Data.swift in Sources */ = {isa = PBXBuildFile; fileRef = DDE4797C2440D4DE006B1208 /* Data.swift */; };
		DDE4797F2440D5B3006B1208 /* ShopList.swift in Sources */ = {isa = PBXBuildFile; fileRef = DDE4797E2440D5B3006B1208 /* ShopList.swift */; };
		DDE479812440D67D006B1208 /* Localizable.strings in Resources */ = {isa = PBXBuildFile; fileRef = DDE479802440D67D006B1208 /* Localizable.strings */; };
		DDE479842440D73F006B1208 /* ShopDetail.swift in Sources */ = {isa = PBXBuildFile; fileRef = DDE479832440D73F006B1208 /* ShopDetail.swift */; };
		DDE4798A2440DCCB006B1208 /* UserData.swift in Sources */ = {isa = PBXBuildFile; fileRef = DDE479892440DCCB006B1208 /* UserData.swift */; };
/* End PBXBuildFile section */

/* Begin PBXContainerItemProxy section */
		DD7DCA8F2440CF9400AD4D15 /* PBXContainerItemProxy */ = {
			isa = PBXContainerItemProxy;
			containerPortal = DD7DCA702440CF9100AD4D15 /* Project object */;
			proxyType = 1;
			remoteGlobalIDString = DD7DCA772440CF9100AD4D15;
			remoteInfo = Vens;
		};
		DD7DCA9A2440CF9400AD4D15 /* PBXContainerItemProxy */ = {
			isa = PBXContainerItemProxy;
			containerPortal = DD7DCA702440CF9100AD4D15 /* Project object */;
			proxyType = 1;
			remoteGlobalIDString = DD7DCA772440CF9100AD4D15;
			remoteInfo = Vens;
		};
/* End PBXContainerItemProxy section */

/* Begin PBXFileReference section */
		DD7DCA782440CF9100AD4D15 /* Vens.app */ = {isa = PBXFileReference; explicitFileType = wrapper.application; includeInIndex = 0; path = Vens.app; sourceTree = BUILT_PRODUCTS_DIR; };
		DD7DCA7B2440CF9100AD4D15 /* AppDelegate.swift */ = {isa = PBXFileReference; lastKnownFileType = sourcecode.swift; path = AppDelegate.swift; sourceTree = "<group>"; };
		DD7DCA7D2440CF9100AD4D15 /* SceneDelegate.swift */ = {isa = PBXFileReference; lastKnownFileType = sourcecode.swift; path = SceneDelegate.swift; sourceTree = "<group>"; };
		DD7DCA7F2440CF9100AD4D15 /* ContentView.swift */ = {isa = PBXFileReference; lastKnownFileType = sourcecode.swift; path = ContentView.swift; sourceTree = "<group>"; };
		DD7DCA812440CF9400AD4D15 /* Assets.xcassets */ = {isa = PBXFileReference; lastKnownFileType = folder.assetcatalog; path = Assets.xcassets; sourceTree = "<group>"; };
		DD7DCA842440CF9400AD4D15 /* Preview Assets.xcassets */ = {isa = PBXFileReference; lastKnownFileType = folder.assetcatalog; path = "Preview Assets.xcassets"; sourceTree = "<group>"; };
		DD7DCA872440CF9400AD4D15 /* Base */ = {isa = PBXFileReference; lastKnownFileType = file.storyboard; name = Base; path = Base.lproj/LaunchScreen.storyboard; sourceTree = "<group>"; };
		DD7DCA892440CF9400AD4D15 /* Info.plist */ = {isa = PBXFileReference; lastKnownFileType = text.plist.xml; path = Info.plist; sourceTree = "<group>"; };
		DD7DCA8E2440CF9400AD4D15 /* VensTests.xctest */ = {isa = PBXFileReference; explicitFileType = wrapper.cfbundle; includeInIndex = 0; path = VensTests.xctest; sourceTree = BUILT_PRODUCTS_DIR; };
		DD7DCA922440CF9400AD4D15 /* VensTests.swift */ = {isa = PBXFileReference; lastKnownFileType = sourcecode.swift; path = VensTests.swift; sourceTree = "<group>"; };
		DD7DCA942440CF9400AD4D15 /* Info.plist */ = {isa = PBXFileReference; lastKnownFileType = text.plist.xml; path = Info.plist; sourceTree = "<group>"; };
		DD7DCA992440CF9400AD4D15 /* VensUITests.xctest */ = {isa = PBXFileReference; explicitFileType = wrapper.cfbundle; includeInIndex = 0; path = VensUITests.xctest; sourceTree = BUILT_PRODUCTS_DIR; };
		DD7DCA9D2440CF9400AD4D15 /* VensUITests.swift */ = {isa = PBXFileReference; lastKnownFileType = sourcecode.swift; path = VensUITests.swift; sourceTree = "<group>"; };
		DD7DCA9F2440CF9400AD4D15 /* Info.plist */ = {isa = PBXFileReference; lastKnownFileType = text.plist.xml; path = Info.plist; sourceTree = "<group>"; };
		DDE479742440D2B7006B1208 /* Shop.swift */ = {isa = PBXFileReference; lastKnownFileType = sourcecode.swift; path = Shop.swift; sourceTree = "<group>"; };
		DDE479772440D3B5006B1208 /* Shops_BCN.json */ = {isa = PBXFileReference; fileEncoding = 4; lastKnownFileType = text.json; path = Shops_BCN.json; sourceTree = "<group>"; };
		DDE4797A2440D3EE006B1208 /* ShopRow.swift */ = {isa = PBXFileReference; lastKnownFileType = sourcecode.swift; path = ShopRow.swift; sourceTree = "<group>"; };
		DDE4797C2440D4DE006B1208 /* Data.swift */ = {isa = PBXFileReference; lastKnownFileType = sourcecode.swift; path = Data.swift; sourceTree = "<group>"; };
		DDE4797E2440D5B3006B1208 /* ShopList.swift */ = {isa = PBXFileReference; lastKnownFileType = sourcecode.swift; path = ShopList.swift; sourceTree = "<group>"; };
		DDE479802440D67D006B1208 /* Localizable.strings */ = {isa = PBXFileReference; lastKnownFileType = text.plist.strings; path = Localizable.strings; sourceTree = "<group>"; };
		DDE479832440D73F006B1208 /* ShopDetail.swift */ = {isa = PBXFileReference; lastKnownFileType = sourcecode.swift; path = ShopDetail.swift; sourceTree = "<group>"; };
		DDE479892440DCCB006B1208 /* UserData.swift */ = {isa = PBXFileReference; lastKnownFileType = sourcecode.swift; path = UserData.swift; sourceTree = "<group>"; };
/* End PBXFileReference section */

/* Begin PBXFrameworksBuildPhase section */
		DD7DCA752440CF9100AD4D15 /* Frameworks */ = {
			isa = PBXFrameworksBuildPhase;
			buildActionMask = 2147483647;
			files = (
			);
			runOnlyForDeploymentPostprocessing = 0;
		};
		DD7DCA8B2440CF9400AD4D15 /* Frameworks */ = {
			isa = PBXFrameworksBuildPhase;
			buildActionMask = 2147483647;
			files = (
			);
			runOnlyForDeploymentPostprocessing = 0;
		};
		DD7DCA962440CF9400AD4D15 /* Frameworks */ = {
			isa = PBXFrameworksBuildPhase;
			buildActionMask = 2147483647;
			files = (
			);
			runOnlyForDeploymentPostprocessing = 0;
		};
/* End PBXFrameworksBuildPhase section */

/* Begin PBXGroup section */
		DD7DCA6F2440CF9100AD4D15 = {
			isa = PBXGroup;
			children = (
				DD7DCA7A2440CF9100AD4D15 /* Vens */,
				DD7DCA912440CF9400AD4D15 /* VensTests */,
				DD7DCA9C2440CF9400AD4D15 /* VensUITests */,
				DD7DCA792440CF9100AD4D15 /* Products */,
			);
			sourceTree = "<group>";
		};
		DD7DCA792440CF9100AD4D15 /* Products */ = {
			isa = PBXGroup;
			children = (
				DD7DCA782440CF9100AD4D15 /* Vens.app */,
				DD7DCA8E2440CF9400AD4D15 /* VensTests.xctest */,
				DD7DCA992440CF9400AD4D15 /* VensUITests.xctest */,
			);
			name = Products;
			sourceTree = "<group>";
		};
		DD7DCA7A2440CF9100AD4D15 /* Vens */ = {
			isa = PBXGroup;
			children = (
				DDE479762440D393006B1208 /* Resources */,
				DDE479712440D29D006B1208 /* Model */,
				DDE479702440D285006B1208 /* Features */,
				DD7DCA7B2440CF9100AD4D15 /* AppDelegate.swift */,
				DD7DCA7D2440CF9100AD4D15 /* SceneDelegate.swift */,
				DD7DCA7F2440CF9100AD4D15 /* ContentView.swift */,
				DD7DCA812440CF9400AD4D15 /* Assets.xcassets */,
				DD7DCA862440CF9400AD4D15 /* LaunchScreen.storyboard */,
				DD7DCA892440CF9400AD4D15 /* Info.plist */,
				DD7DCA832440CF9400AD4D15 /* Preview Content */,
			);
			path = Vens;
			sourceTree = "<group>";
		};
		DD7DCA832440CF9400AD4D15 /* Preview Content */ = {
			isa = PBXGroup;
			children = (
				DD7DCA842440CF9400AD4D15 /* Preview Assets.xcassets */,
			);
			path = "Preview Content";
			sourceTree = "<group>";
		};
		DD7DCA912440CF9400AD4D15 /* VensTests */ = {
			isa = PBXGroup;
			children = (
				DD7DCA922440CF9400AD4D15 /* VensTests.swift */,
				DD7DCA942440CF9400AD4D15 /* Info.plist */,
			);
			path = VensTests;
			sourceTree = "<group>";
		};
		DD7DCA9C2440CF9400AD4D15 /* VensUITests */ = {
			isa = PBXGroup;
			children = (
				DD7DCA9D2440CF9400AD4D15 /* VensUITests.swift */,
				DD7DCA9F2440CF9400AD4D15 /* Info.plist */,
			);
			path = VensUITests;
			sourceTree = "<group>";
		};
		DDE479702440D285006B1208 /* Features */ = {
			isa = PBXGroup;
			children = (
				DDE479822440D732006B1208 /* Detail */,
				DDE479792440D3DB006B1208 /* List */,
			);
			path = Features;
			sourceTree = "<group>";
		};
		DDE479712440D29D006B1208 /* Model */ = {
			isa = PBXGroup;
			children = (
				DDE479742440D2B7006B1208 /* Shop.swift */,
				DDE4797C2440D4DE006B1208 /* Data.swift */,
				DDE479892440DCCB006B1208 /* UserData.swift */,
			);
			path = Model;
			sourceTree = "<group>";
		};
		DDE479762440D393006B1208 /* Resources */ = {
			isa = PBXGroup;
			children = (
				DDE479772440D3B5006B1208 /* Shops_BCN.json */,
				DDE479802440D67D006B1208 /* Localizable.strings */,
			);
			path = Resources;
			sourceTree = "<group>";
		};
		DDE479792440D3DB006B1208 /* List */ = {
			isa = PBXGroup;
			children = (
				DDE4797A2440D3EE006B1208 /* ShopRow.swift */,
				DDE4797E2440D5B3006B1208 /* ShopList.swift */,
			);
			path = List;
			sourceTree = "<group>";
		};
		DDE479822440D732006B1208 /* Detail */ = {
			isa = PBXGroup;
			children = (
				DDE479832440D73F006B1208 /* ShopDetail.swift */,
			);
			path = Detail;
			sourceTree = "<group>";
		};
/* End PBXGroup section */

/* Begin PBXNativeTarget section */
		DD7DCA772440CF9100AD4D15 /* Vens */ = {
			isa = PBXNativeTarget;
			buildConfigurationList = DD7DCAA22440CF9400AD4D15 /* Build configuration list for PBXNativeTarget "Vens" */;
			buildPhases = (
				DD7DCA742440CF9100AD4D15 /* Sources */,
				DD7DCA752440CF9100AD4D15 /* Frameworks */,
				DD7DCA762440CF9100AD4D15 /* Resources */,
			);
			buildRules = (
			);
			dependencies = (
			);
			name = Vens;
			productName = Vens;
			productReference = DD7DCA782440CF9100AD4D15 /* Vens.app */;
			productType = "com.apple.product-type.application";
		};
		DD7DCA8D2440CF9400AD4D15 /* VensTests */ = {
			isa = PBXNativeTarget;
			buildConfigurationList = DD7DCAA52440CF9400AD4D15 /* Build configuration list for PBXNativeTarget "VensTests" */;
			buildPhases = (
				DD7DCA8A2440CF9400AD4D15 /* Sources */,
				DD7DCA8B2440CF9400AD4D15 /* Frameworks */,
				DD7DCA8C2440CF9400AD4D15 /* Resources */,
			);
			buildRules = (
			);
			dependencies = (
				DD7DCA902440CF9400AD4D15 /* PBXTargetDependency */,
			);
			name = VensTests;
			productName = VensTests;
			productReference = DD7DCA8E2440CF9400AD4D15 /* VensTests.xctest */;
			productType = "com.apple.product-type.bundle.unit-test";
		};
		DD7DCA982440CF9400AD4D15 /* VensUITests */ = {
			isa = PBXNativeTarget;
			buildConfigurationList = DD7DCAA82440CF9400AD4D15 /* Build configuration list for PBXNativeTarget "VensUITests" */;
			buildPhases = (
				DD7DCA952440CF9400AD4D15 /* Sources */,
				DD7DCA962440CF9400AD4D15 /* Frameworks */,
				DD7DCA972440CF9400AD4D15 /* Resources */,
			);
			buildRules = (
			);
			dependencies = (
				DD7DCA9B2440CF9400AD4D15 /* PBXTargetDependency */,
			);
			name = VensUITests;
			productName = VensUITests;
			productReference = DD7DCA992440CF9400AD4D15 /* VensUITests.xctest */;
			productType = "com.apple.product-type.bundle.ui-testing";
		};
/* End PBXNativeTarget section */

/* Begin PBXProject section */
		DD7DCA702440CF9100AD4D15 /* Project object */ = {
			isa = PBXProject;
			attributes = {
				LastSwiftUpdateCheck = 1130;
				LastUpgradeCheck = 1130;
				ORGANIZATIONNAME = "Aina Cuxart";
				TargetAttributes = {
					DD7DCA772440CF9100AD4D15 = {
						CreatedOnToolsVersion = 11.3.1;
					};
					DD7DCA8D2440CF9400AD4D15 = {
						CreatedOnToolsVersion = 11.3.1;
						TestTargetID = DD7DCA772440CF9100AD4D15;
					};
					DD7DCA982440CF9400AD4D15 = {
						CreatedOnToolsVersion = 11.3.1;
						TestTargetID = DD7DCA772440CF9100AD4D15;
					};
				};
			};
			buildConfigurationList = DD7DCA732440CF9100AD4D15 /* Build configuration list for PBXProject "Vens" */;
			compatibilityVersion = "Xcode 9.3";
			developmentRegion = en;
			hasScannedForEncodings = 0;
			knownRegions = (
				en,
				Base,
			);
			mainGroup = DD7DCA6F2440CF9100AD4D15;
			productRefGroup = DD7DCA792440CF9100AD4D15 /* Products */;
			projectDirPath = "";
			projectRoot = "";
			targets = (
				DD7DCA772440CF9100AD4D15 /* Vens */,
				DD7DCA8D2440CF9400AD4D15 /* VensTests */,
				DD7DCA982440CF9400AD4D15 /* VensUITests */,
			);
		};
/* End PBXProject section */

/* Begin PBXResourcesBuildPhase section */
		DD7DCA762440CF9100AD4D15 /* Resources */ = {
			isa = PBXResourcesBuildPhase;
			buildActionMask = 2147483647;
			files = (
				DDE479812440D67D006B1208 /* Localizable.strings in Resources */,
				DD7DCA882440CF9400AD4D15 /* LaunchScreen.storyboard in Resources */,
				DDE479782440D3B5006B1208 /* Shops_BCN.json in Resources */,
				DD7DCA852440CF9400AD4D15 /* Preview Assets.xcassets in Resources */,
				DD7DCA822440CF9400AD4D15 /* Assets.xcassets in Resources */,
			);
			runOnlyForDeploymentPostprocessing = 0;
		};
		DD7DCA8C2440CF9400AD4D15 /* Resources */ = {
			isa = PBXResourcesBuildPhase;
			buildActionMask = 2147483647;
			files = (
			);
			runOnlyForDeploymentPostprocessing = 0;
		};
		DD7DCA972440CF9400AD4D15 /* Resources */ = {
			isa = PBXResourcesBuildPhase;
			buildActionMask = 2147483647;
			files = (
			);
			runOnlyForDeploymentPostprocessing = 0;
		};
/* End PBXResourcesBuildPhase section */

/* Begin PBXSourcesBuildPhase section */
		DD7DCA742440CF9100AD4D15 /* Sources */ = {
			isa = PBXSourcesBuildPhase;
			buildActionMask = 2147483647;
			files = (
				DDE479842440D73F006B1208 /* ShopDetail.swift in Sources */,
				DD7DCA7C2440CF9100AD4D15 /* AppDelegate.swift in Sources */,
				DDE4797F2440D5B3006B1208 /* ShopList.swift in Sources */,
				DDE4798A2440DCCB006B1208 /* UserData.swift in Sources */,
				DDE4797D2440D4DE006B1208 /* Data.swift in Sources */,
				DD7DCA7E2440CF9100AD4D15 /* SceneDelegate.swift in Sources */,
				DD7DCA802440CF9100AD4D15 /* ContentView.swift in Sources */,
				DDE4797B2440D3EE006B1208 /* ShopRow.swift in Sources */,
				DDE479752440D2B7006B1208 /* Shop.swift in Sources */,
			);
			runOnlyForDeploymentPostprocessing = 0;
		};
		DD7DCA8A2440CF9400AD4D15 /* Sources */ = {
			isa = PBXSourcesBuildPhase;
			buildActionMask = 2147483647;
			files = (
				DD7DCA932440CF9400AD4D15 /* VensTests.swift in Sources */,
			);
			runOnlyForDeploymentPostprocessing = 0;
		};
		DD7DCA952440CF9400AD4D15 /* Sources */ = {
			isa = PBXSourcesBuildPhase;
			buildActionMask = 2147483647;
			files = (
				DD7DCA9E2440CF9400AD4D15 /* VensUITests.swift in Sources */,
			);
			runOnlyForDeploymentPostprocessing = 0;
		};
/* End PBXSourcesBuildPhase section */

/* Begin PBXTargetDependency section */
		DD7DCA902440CF9400AD4D15 /* PBXTargetDependency */ = {
			isa = PBXTargetDependency;
			target = DD7DCA772440CF9100AD4D15 /* Vens */;
			targetProxy = DD7DCA8F2440CF9400AD4D15 /* PBXContainerItemProxy */;
		};
		DD7DCA9B2440CF9400AD4D15 /* PBXTargetDependency */ = {
			isa = PBXTargetDependency;
			target = DD7DCA772440CF9100AD4D15 /* Vens */;
			targetProxy = DD7DCA9A2440CF9400AD4D15 /* PBXContainerItemProxy */;
		};
/* End PBXTargetDependency section */

/* Begin PBXVariantGroup section */
		DD7DCA862440CF9400AD4D15 /* LaunchScreen.storyboard */ = {
			isa = PBXVariantGroup;
			children = (
				DD7DCA872440CF9400AD4D15 /* Base */,
			);
			name = LaunchScreen.storyboard;
			sourceTree = "<group>";
		};
/* End PBXVariantGroup section */

/* Begin XCBuildConfiguration section */
		DD7DCAA02440CF9400AD4D15 /* Debug */ = {
			isa = XCBuildConfiguration;
			buildSettings = {
				ALWAYS_SEARCH_USER_PATHS = NO;
				CLANG_ANALYZER_NONNULL = YES;
				CLANG_ANALYZER_NUMBER_OBJECT_CONVERSION = YES_AGGRESSIVE;
				CLANG_CXX_LANGUAGE_STANDARD = "gnu++14";
				CLANG_CXX_LIBRARY = "libc++";
				CLANG_ENABLE_MODULES = YES;
				CLANG_ENABLE_OBJC_ARC = YES;
				CLANG_ENABLE_OBJC_WEAK = YES;
				CLANG_WARN_BLOCK_CAPTURE_AUTORELEASING = YES;
				CLANG_WARN_BOOL_CONVERSION = YES;
				CLANG_WARN_COMMA = YES;
				CLANG_WARN_CONSTANT_CONVERSION = YES;
				CLANG_WARN_DEPRECATED_OBJC_IMPLEMENTATIONS = YES;
				CLANG_WARN_DIRECT_OBJC_ISA_USAGE = YES_ERROR;
				CLANG_WARN_DOCUMENTATION_COMMENTS = YES;
				CLANG_WARN_EMPTY_BODY = YES;
				CLANG_WARN_ENUM_CONVERSION = YES;
				CLANG_WARN_INFINITE_RECURSION = YES;
				CLANG_WARN_INT_CONVERSION = YES;
				CLANG_WARN_NON_LITERAL_NULL_CONVERSION = YES;
				CLANG_WARN_OBJC_IMPLICIT_RETAIN_SELF = YES;
				CLANG_WARN_OBJC_LITERAL_CONVERSION = YES;
				CLANG_WARN_OBJC_ROOT_CLASS = YES_ERROR;
				CLANG_WARN_RANGE_LOOP_ANALYSIS = YES;
				CLANG_WARN_STRICT_PROTOTYPES = YES;
				CLANG_WARN_SUSPICIOUS_MOVE = YES;
				CLANG_WARN_UNGUARDED_AVAILABILITY = YES_AGGRESSIVE;
				CLANG_WARN_UNREACHABLE_CODE = YES;
				CLANG_WARN__DUPLICATE_METHOD_MATCH = YES;
				COPY_PHASE_STRIP = NO;
				DEBUG_INFORMATION_FORMAT = dwarf;
				ENABLE_STRICT_OBJC_MSGSEND = YES;
				ENABLE_TESTABILITY = YES;
				GCC_C_LANGUAGE_STANDARD = gnu11;
				GCC_DYNAMIC_NO_PIC = NO;
				GCC_NO_COMMON_BLOCKS = YES;
				GCC_OPTIMIZATION_LEVEL = 0;
				GCC_PREPROCESSOR_DEFINITIONS = (
					"DEBUG=1",
					"$(inherited)",
				);
				GCC_WARN_64_TO_32_BIT_CONVERSION = YES;
				GCC_WARN_ABOUT_RETURN_TYPE = YES_ERROR;
				GCC_WARN_UNDECLARED_SELECTOR = YES;
				GCC_WARN_UNINITIALIZED_AUTOS = YES_AGGRESSIVE;
				GCC_WARN_UNUSED_FUNCTION = YES;
				GCC_WARN_UNUSED_VARIABLE = YES;
				IPHONEOS_DEPLOYMENT_TARGET = 13.2;
				MTL_ENABLE_DEBUG_INFO = INCLUDE_SOURCE;
				MTL_FAST_MATH = YES;
				ONLY_ACTIVE_ARCH = YES;
				SDKROOT = iphoneos;
				SWIFT_ACTIVE_COMPILATION_CONDITIONS = DEBUG;
				SWIFT_OPTIMIZATION_LEVEL = "-Onone";
			};
			name = Debug;
		};
		DD7DCAA12440CF9400AD4D15 /* Release */ = {
			isa = XCBuildConfiguration;
			buildSettings = {
				ALWAYS_SEARCH_USER_PATHS = NO;
				CLANG_ANALYZER_NONNULL = YES;
				CLANG_ANALYZER_NUMBER_OBJECT_CONVERSION = YES_AGGRESSIVE;
				CLANG_CXX_LANGUAGE_STANDARD = "gnu++14";
				CLANG_CXX_LIBRARY = "libc++";
				CLANG_ENABLE_MODULES = YES;
				CLANG_ENABLE_OBJC_ARC = YES;
				CLANG_ENABLE_OBJC_WEAK = YES;
				CLANG_WARN_BLOCK_CAPTURE_AUTORELEASING = YES;
				CLANG_WARN_BOOL_CONVERSION = YES;
				CLANG_WARN_COMMA = YES;
				CLANG_WARN_CONSTANT_CONVERSION = YES;
				CLANG_WARN_DEPRECATED_OBJC_IMPLEMENTATIONS = YES;
				CLANG_WARN_DIRECT_OBJC_ISA_USAGE = YES_ERROR;
				CLANG_WARN_DOCUMENTATION_COMMENTS = YES;
				CLANG_WARN_EMPTY_BODY = YES;
				CLANG_WARN_ENUM_CONVERSION = YES;
				CLANG_WARN_INFINITE_RECURSION = YES;
				CLANG_WARN_INT_CONVERSION = YES;
				CLANG_WARN_NON_LITERAL_NULL_CONVERSION = YES;
				CLANG_WARN_OBJC_IMPLICIT_RETAIN_SELF = YES;
				CLANG_WARN_OBJC_LITERAL_CONVERSION = YES;
				CLANG_WARN_OBJC_ROOT_CLASS = YES_ERROR;
				CLANG_WARN_RANGE_LOOP_ANALYSIS = YES;
				CLANG_WARN_STRICT_PROTOTYPES = YES;
				CLANG_WARN_SUSPICIOUS_MOVE = YES;
				CLANG_WARN_UNGUARDED_AVAILABILITY = YES_AGGRESSIVE;
				CLANG_WARN_UNREACHABLE_CODE = YES;
				CLANG_WARN__DUPLICATE_METHOD_MATCH = YES;
				COPY_PHASE_STRIP = NO;
				DEBUG_INFORMATION_FORMAT = "dwarf-with-dsym";
				ENABLE_NS_ASSERTIONS = NO;
				ENABLE_STRICT_OBJC_MSGSEND = YES;
				GCC_C_LANGUAGE_STANDARD = gnu11;
				GCC_NO_COMMON_BLOCKS = YES;
				GCC_WARN_64_TO_32_BIT_CONVERSION = YES;
				GCC_WARN_ABOUT_RETURN_TYPE = YES_ERROR;
				GCC_WARN_UNDECLARED_SELECTOR = YES;
				GCC_WARN_UNINITIALIZED_AUTOS = YES_AGGRESSIVE;
				GCC_WARN_UNUSED_FUNCTION = YES;
				GCC_WARN_UNUSED_VARIABLE = YES;
				IPHONEOS_DEPLOYMENT_TARGET = 13.2;
				MTL_ENABLE_DEBUG_INFO = NO;
				MTL_FAST_MATH = YES;
				SDKROOT = iphoneos;
				SWIFT_COMPILATION_MODE = wholemodule;
				SWIFT_OPTIMIZATION_LEVEL = "-O";
				VALIDATE_PRODUCT = YES;
			};
			name = Release;
		};
		DD7DCAA32440CF9400AD4D15 /* Debug */ = {
			isa = XCBuildConfiguration;
			buildSettings = {
				ASSETCATALOG_COMPILER_APPICON_NAME = AppIcon;
				CODE_SIGN_STYLE = Automatic;
				DEVELOPMENT_ASSET_PATHS = "\"Vens/Preview Content\"";
				DEVELOPMENT_TEAM = 57WMUP5HR3;
				ENABLE_PREVIEWS = YES;
				INFOPLIST_FILE = Vens/Info.plist;
				LD_RUNPATH_SEARCH_PATHS = (
					"$(inherited)",
					"@executable_path/Frameworks",
				);
				PRODUCT_BUNDLE_IDENTIFIER = com.ainacuxart.prov.Vens.Vens;
				PRODUCT_NAME = "$(TARGET_NAME)";
				SWIFT_VERSION = 5.0;
				TARGETED_DEVICE_FAMILY = "1,2";
			};
			name = Debug;
		};
		DD7DCAA42440CF9400AD4D15 /* Release */ = {
			isa = XCBuildConfiguration;
			buildSettings = {
				ASSETCATALOG_COMPILER_APPICON_NAME = AppIcon;
				CODE_SIGN_STYLE = Automatic;
				DEVELOPMENT_ASSET_PATHS = "\"Vens/Preview Content\"";
				DEVELOPMENT_TEAM = 57WMUP5HR3;
				ENABLE_PREVIEWS = YES;
				INFOPLIST_FILE = Vens/Info.plist;
				LD_RUNPATH_SEARCH_PATHS = (
					"$(inherited)",
					"@executable_path/Frameworks",
				);
				PRODUCT_BUNDLE_IDENTIFIER = com.ainacuxart.prov.Vens.Vens;
				PRODUCT_NAME = "$(TARGET_NAME)";
				SWIFT_VERSION = 5.0;
				TARGETED_DEVICE_FAMILY = "1,2";
			};
			name = Release;
		};
		DD7DCAA62440CF9400AD4D15 /* Debug */ = {
			isa = XCBuildConfiguration;
			buildSettings = {
				ALWAYS_EMBED_SWIFT_STANDARD_LIBRARIES = YES;
				BUNDLE_LOADER = "$(TEST_HOST)";
				CODE_SIGN_STYLE = Automatic;
				DEVELOPMENT_TEAM = 57WMUP5HR3;
				INFOPLIST_FILE = VensTests/Info.plist;
				IPHONEOS_DEPLOYMENT_TARGET = 13.2;
				LD_RUNPATH_SEARCH_PATHS = (
					"$(inherited)",
					"@executable_path/Frameworks",
					"@loader_path/Frameworks",
				);
				PRODUCT_BUNDLE_IDENTIFIER = com.ainacuxart.prov.Vens.VensTests;
				PRODUCT_NAME = "$(TARGET_NAME)";
				SWIFT_VERSION = 5.0;
				TARGETED_DEVICE_FAMILY = "1,2";
				TEST_HOST = "$(BUILT_PRODUCTS_DIR)/Vens.app/Vens";
			};
			name = Debug;
		};
		DD7DCAA72440CF9400AD4D15 /* Release */ = {
			isa = XCBuildConfiguration;
			buildSettings = {
				ALWAYS_EMBED_SWIFT_STANDARD_LIBRARIES = YES;
				BUNDLE_LOADER = "$(TEST_HOST)";
				CODE_SIGN_STYLE = Automatic;
				DEVELOPMENT_TEAM = 57WMUP5HR3;
				INFOPLIST_FILE = VensTests/Info.plist;
				IPHONEOS_DEPLOYMENT_TARGET = 13.2;
				LD_RUNPATH_SEARCH_PATHS = (
					"$(inherited)",
					"@executable_path/Frameworks",
					"@loader_path/Frameworks",
				);
				PRODUCT_BUNDLE_IDENTIFIER = com.ainacuxart.prov.Vens.VensTests;
				PRODUCT_NAME = "$(TARGET_NAME)";
				SWIFT_VERSION = 5.0;
				TARGETED_DEVICE_FAMILY = "1,2";
				TEST_HOST = "$(BUILT_PRODUCTS_DIR)/Vens.app/Vens";
			};
			name = Release;
		};
		DD7DCAA92440CF9400AD4D15 /* Debug */ = {
			isa = XCBuildConfiguration;
			buildSettings = {
				ALWAYS_EMBED_SWIFT_STANDARD_LIBRARIES = YES;
				CODE_SIGN_STYLE = Automatic;
				DEVELOPMENT_TEAM = 57WMUP5HR3;
				INFOPLIST_FILE = VensUITests/Info.plist;
				LD_RUNPATH_SEARCH_PATHS = (
					"$(inherited)",
					"@executable_path/Frameworks",
					"@loader_path/Frameworks",
				);
				PRODUCT_BUNDLE_IDENTIFIER = com.ainacuxart.prov.Vens.VensUITests;
				PRODUCT_NAME = "$(TARGET_NAME)";
				SWIFT_VERSION = 5.0;
				TARGETED_DEVICE_FAMILY = "1,2";
				TEST_TARGET_NAME = Vens;
			};
			name = Debug;
		};
		DD7DCAAA2440CF9400AD4D15 /* Release */ = {
			isa = XCBuildConfiguration;
			buildSettings = {
				ALWAYS_EMBED_SWIFT_STANDARD_LIBRARIES = YES;
				CODE_SIGN_STYLE = Automatic;
				DEVELOPMENT_TEAM = 57WMUP5HR3;
				INFOPLIST_FILE = VensUITests/Info.plist;
				LD_RUNPATH_SEARCH_PATHS = (
					"$(inherited)",
					"@executable_path/Frameworks",
					"@loader_path/Frameworks",
				);
				PRODUCT_BUNDLE_IDENTIFIER = com.ainacuxart.prov.Vens.VensUITests;
				PRODUCT_NAME = "$(TARGET_NAME)";
				SWIFT_VERSION = 5.0;
				TARGETED_DEVICE_FAMILY = "1,2";
				TEST_TARGET_NAME = Vens;
			};
			name = Release;
		};
/* End XCBuildConfiguration section */

/* Begin XCConfigurationList section */
		DD7DCA732440CF9100AD4D15 /* Build configuration list for PBXProject "Vens" */ = {
			isa = XCConfigurationList;
			buildConfigurations = (
				DD7DCAA02440CF9400AD4D15 /* Debug */,
				DD7DCAA12440CF9400AD4D15 /* Release */,
			);
			defaultConfigurationIsVisible = 0;
			defaultConfigurationName = Release;
		};
		DD7DCAA22440CF9400AD4D15 /* Build configuration list for PBXNativeTarget "Vens" */ = {
			isa = XCConfigurationList;
			buildConfigurations = (
				DD7DCAA32440CF9400AD4D15 /* Debug */,
				DD7DCAA42440CF9400AD4D15 /* Release */,
			);
			defaultConfigurationIsVisible = 0;
			defaultConfigurationName = Release;
		};
		DD7DCAA52440CF9400AD4D15 /* Build configuration list for PBXNativeTarget "VensTests" */ = {
			isa = XCConfigurationList;
			buildConfigurations = (
				DD7DCAA62440CF9400AD4D15 /* Debug */,
				DD7DCAA72440CF9400AD4D15 /* Release */,
			);
			defaultConfigurationIsVisible = 0;
			defaultConfigurationName = Release;
		};
		DD7DCAA82440CF9400AD4D15 /* Build configuration list for PBXNativeTarget "VensUITests" */ = {
			isa = XCConfigurationList;
			buildConfigurations = (
				DD7DCAA92440CF9400AD4D15 /* Debug */,
				DD7DCAAA2440CF9400AD4D15 /* Release */,
			);
			defaultConfigurationIsVisible = 0;
			defaultConfigurationName = Release;
		};
/* End XCConfigurationList section */
	};
	rootObject = DD7DCA702440CF9100AD4D15 /* Project object */;
}
